// !$*UTF8*$!
{
	archiveVersion = 1;
	classes = {
	};
	objectVersion = 46;
	objects = {

/* Begin PBXBuildFile section */
		FA2569F81B24EED7006A7050 /* AppDelegate.swift in Sources */ = {isa = PBXBuildFile; fileRef = FA2569F71B24EED7006A7050 /* AppDelegate.swift */; };
		FA2569FA1B24EED7006A7050 /* PsychologistViewController.swift in Sources */ = {isa = PBXBuildFile; fileRef = FA2569F91B24EED7006A7050 /* PsychologistViewController.swift */; };
		FA2569FD1B24EED7006A7050 /* Main.storyboard in Resources */ = {isa = PBXBuildFile; fileRef = FA2569FB1B24EED7006A7050 /* Main.storyboard */; };
		FA2569FF1B24EED7006A7050 /* Images.xcassets in Resources */ = {isa = PBXBuildFile; fileRef = FA2569FE1B24EED7006A7050 /* Images.xcassets */; };
		FA256A021B24EED7006A7050 /* LaunchScreen.xib in Resources */ = {isa = PBXBuildFile; fileRef = FA256A001B24EED7006A7050 /* LaunchScreen.xib */; };
		FA256A0E1B24EED7006A7050 /* PsychologistTests.swift in Sources */ = {isa = PBXBuildFile; fileRef = FA256A0D1B24EED7006A7050 /* PsychologistTests.swift */; };
		FA256A191B24F18A006A7050 /* HappinessViewController.swift in Sources */ = {isa = PBXBuildFile; fileRef = FA256A171B24F18A006A7050 /* HappinessViewController.swift */; };
		FA256A1A1B24F18A006A7050 /* FaceView.swift in Sources */ = {isa = PBXBuildFile; fileRef = FA256A181B24F18A006A7050 /* FaceView.swift */; };
		FA256A1C1B24FFA0006A7050 /* TextViewController.swift in Sources */ = {isa = PBXBuildFile; fileRef = FA256A1B1B24FFA0006A7050 /* TextViewController.swift */; };
		FA256A1E1B2500F4006A7050 /* DiagnosedHappinessViewController.swift in Sources */ = {isa = PBXBuildFile; fileRef = FA256A1D1B2500F4006A7050 /* DiagnosedHappinessViewController.swift */; };
/* End PBXBuildFile section */

/* Begin PBXContainerItemProxy section */
		FA256A081B24EED7006A7050 /* PBXContainerItemProxy */ = {
			isa = PBXContainerItemProxy;
			containerPortal = FA2569EA1B24EED7006A7050 /* Project object */;
			proxyType = 1;
			remoteGlobalIDString = FA2569F11B24EED7006A7050;
			remoteInfo = Psychologist;
		};
/* End PBXContainerItemProxy section */

/* Begin PBXFileReference section */
		FA2569F21B24EED7006A7050 /* Psychologist.app */ = {isa = PBXFileReference; explicitFileType = wrapper.application; includeInIndex = 0; path = Psychologist.app; sourceTree = BUILT_PRODUCTS_DIR; };
		FA2569F61B24EED7006A7050 /* Info.plist */ = {isa = PBXFileReference; lastKnownFileType = text.plist.xml; path = Info.plist; sourceTree = "<group>"; };
		FA2569F71B24EED7006A7050 /* AppDelegate.swift */ = {isa = PBXFileReference; lastKnownFileType = sourcecode.swift; path = AppDelegate.swift; sourceTree = "<group>"; };
		FA2569F91B24EED7006A7050 /* PsychologistViewController.swift */ = {isa = PBXFileReference; lastKnownFileType = sourcecode.swift; path = PsychologistViewController.swift; sourceTree = "<group>"; };
		FA2569FC1B24EED7006A7050 /* Base */ = {isa = PBXFileReference; lastKnownFileType = file.storyboard; name = Base; path = Base.lproj/Main.storyboard; sourceTree = "<group>"; };
		FA2569FE1B24EED7006A7050 /* Images.xcassets */ = {isa = PBXFileReference; lastKnownFileType = folder.assetcatalog; path = Images.xcassets; sourceTree = "<group>"; };
		FA256A011B24EED7006A7050 /* Base */ = {isa = PBXFileReference; lastKnownFileType = file.xib; name = Base; path = Base.lproj/LaunchScreen.xib; sourceTree = "<group>"; };
		FA256A071B24EED7006A7050 /* PsychologistTests.xctest */ = {isa = PBXFileReference; explicitFileType = wrapper.cfbundle; includeInIndex = 0; path = PsychologistTests.xctest; sourceTree = BUILT_PRODUCTS_DIR; };
		FA256A0C1B24EED7006A7050 /* Info.plist */ = {isa = PBXFileReference; lastKnownFileType = text.plist.xml; path = Info.plist; sourceTree = "<group>"; };
		FA256A0D1B24EED7006A7050 /* PsychologistTests.swift */ = {isa = PBXFileReference; lastKnownFileType = sourcecode.swift; path = PsychologistTests.swift; sourceTree = "<group>"; };
		FA256A171B24F18A006A7050 /* HappinessViewController.swift */ = {isa = PBXFileReference; fileEncoding = 4; lastKnownFileType = sourcecode.swift; path = HappinessViewController.swift; sourceTree = "<group>"; };
		FA256A181B24F18A006A7050 /* FaceView.swift */ = {isa = PBXFileReference; fileEncoding = 4; lastKnownFileType = sourcecode.swift; path = FaceView.swift; sourceTree = "<group>"; };
		FA256A1B1B24FFA0006A7050 /* TextViewController.swift */ = {isa = PBXFileReference; fileEncoding = 4; lastKnownFileType = sourcecode.swift; path = TextViewController.swift; sourceTree = "<group>"; };
		FA256A1D1B2500F4006A7050 /* DiagnosedHappinessViewController.swift */ = {isa = PBXFileReference; fileEncoding = 4; lastKnownFileType = sourcecode.swift; path = DiagnosedHappinessViewController.swift; sourceTree = "<group>"; };
/* End PBXFileReference section */

/* Begin PBXFrameworksBuildPhase section */
		FA2569EF1B24EED7006A7050 /* Frameworks */ = {
			isa = PBXFrameworksBuildPhase;
			buildActionMask = 2147483647;
			files = (
			);
			runOnlyForDeploymentPostprocessing = 0;
		};
		FA256A041B24EED7006A7050 /* Frameworks */ = {
			isa = PBXFrameworksBuildPhase;
			buildActionMask = 2147483647;
			files = (
			);
			runOnlyForDeploymentPostprocessing = 0;
		};
/* End PBXFrameworksBuildPhase section */

/* Begin PBXGroup section */
		FA2569E91B24EED7006A7050 = {
			isa = PBXGroup;
			children = (
				FA2569F41B24EED7006A7050 /* Psychologist */,
				FA256A0A1B24EED7006A7050 /* PsychologistTests */,
				FA2569F31B24EED7006A7050 /* Products */,
			);
			sourceTree = "<group>";
		};
		FA2569F31B24EED7006A7050 /* Products */ = {
			isa = PBXGroup;
			children = (
				FA2569F21B24EED7006A7050 /* Psychologist.app */,
				FA256A071B24EED7006A7050 /* PsychologistTests.xctest */,
			);
			name = Products;
			sourceTree = "<group>";
		};
		FA2569F41B24EED7006A7050 /* Psychologist */ = {
			isa = PBXGroup;
			children = (
				FA256A171B24F18A006A7050 /* HappinessViewController.swift */,
				FA256A1D1B2500F4006A7050 /* DiagnosedHappinessViewController.swift */,
				FA256A1B1B24FFA0006A7050 /* TextViewController.swift */,
				FA256A181B24F18A006A7050 /* FaceView.swift */,
				FA2569F91B24EED7006A7050 /* PsychologistViewController.swift */,
				FA2569FB1B24EED7006A7050 /* Main.storyboard */,
				FA2569F51B24EED7006A7050 /* Supporting Files */,
			);
			path = Psychologist;
			sourceTree = "<group>";
		};
		FA2569F51B24EED7006A7050 /* Supporting Files */ = {
			isa = PBXGroup;
			children = (
				FA2569F71B24EED7006A7050 /* AppDelegate.swift */,
				FA2569FE1B24EED7006A7050 /* Images.xcassets */,
				FA256A001B24EED7006A7050 /* LaunchScreen.xib */,
				FA2569F61B24EED7006A7050 /* Info.plist */,
			);
			name = "Supporting Files";
			sourceTree = "<group>";
		};
		FA256A0A1B24EED7006A7050 /* PsychologistTests */ = {
			isa = PBXGroup;
			children = (
				FA256A0D1B24EED7006A7050 /* PsychologistTests.swift */,
				FA256A0B1B24EED7006A7050 /* Supporting Files */,
			);
			path = PsychologistTests;
			sourceTree = "<group>";
		};
		FA256A0B1B24EED7006A7050 /* Supporting Files */ = {
			isa = PBXGroup;
			children = (
				FA256A0C1B24EED7006A7050 /* Info.plist */,
			);
			name = "Supporting Files";
			sourceTree = "<group>";
		};
/* End PBXGroup section */

/* Begin PBXNativeTarget section */
		FA2569F11B24EED7006A7050 /* Psychologist */ = {
			isa = PBXNativeTarget;
			buildConfigurationList = FA256A111B24EED7006A7050 /* Build configuration list for PBXNativeTarget "Psychologist" */;
			buildPhases = (
				FA2569EE1B24EED7006A7050 /* Sources */,
				FA2569EF1B24EED7006A7050 /* Frameworks */,
				FA2569F01B24EED7006A7050 /* Resources */,
			);
			buildRules = (
			);
			dependencies = (
			);
			name = Psychologist;
			productName = Psychologist;
			productReference = FA2569F21B24EED7006A7050 /* Psychologist.app */;
			productType = "com.apple.product-type.application";
		};
		FA256A061B24EED7006A7050 /* PsychologistTests */ = {
			isa = PBXNativeTarget;
			buildConfigurationList = FA256A141B24EED7006A7050 /* Build configuration list for PBXNativeTarget "PsychologistTests" */;
			buildPhases = (
				FA256A031B24EED7006A7050 /* Sources */,
				FA256A041B24EED7006A7050 /* Frameworks */,
				FA256A051B24EED7006A7050 /* Resources */,
			);
			buildRules = (
			);
			dependencies = (
				FA256A091B24EED7006A7050 /* PBXTargetDependency */,
			);
			name = PsychologistTests;
			productName = PsychologistTests;
			productReference = FA256A071B24EED7006A7050 /* PsychologistTests.xctest */;
			productType = "com.apple.product-type.bundle.unit-test";
		};
/* End PBXNativeTarget section */

/* Begin PBXProject section */
		FA2569EA1B24EED7006A7050 /* Project object */ = {
			isa = PBXProject;
			attributes = {
				LastUpgradeCheck = 0630;
				ORGANIZATIONNAME = "Alex Beltyukov";
				TargetAttributes = {
					FA2569F11B24EED7006A7050 = {
						CreatedOnToolsVersion = 6.3.2;
					};
					FA256A061B24EED7006A7050 = {
						CreatedOnToolsVersion = 6.3.2;
						TestTargetID = FA2569F11B24EED7006A7050;
					};
				};
			};
			buildConfigurationList = FA2569ED1B24EED7006A7050 /* Build configuration list for PBXProject "Psychologist" */;
			compatibilityVersion = "Xcode 3.2";
			developmentRegion = English;
			hasScannedForEncodings = 0;
			knownRegions = (
				en,
				Base,
			);
			mainGroup = FA2569E91B24EED7006A7050;
			productRefGroup = FA2569F31B24EED7006A7050 /* Products */;
			projectDirPath = "";
			projectRoot = "";
			targets = (
				FA2569F11B24EED7006A7050 /* Psychologist */,
				FA256A061B24EED7006A7050 /* PsychologistTests */,
			);
		};
/* End PBXProject section */

/* Begin PBXResourcesBuildPhase section */
		FA2569F01B24EED7006A7050 /* Resources */ = {
			isa = PBXResourcesBuildPhase;
			buildActionMask = 2147483647;
			files = (
				FA2569FD1B24EED7006A7050 /* Main.storyboard in Resources */,
				FA256A021B24EED7006A7050 /* LaunchScreen.xib in Resources */,
				FA2569FF1B24EED7006A7050 /* Images.xcassets in Resources */,
			);
			runOnlyForDeploymentPostprocessing = 0;
		};
		FA256A051B24EED7006A7050 /* Resources */ = {
			isa = PBXResourcesBuildPhase;
			buildActionMask = 2147483647;
			files = (
			);
			runOnlyForDeploymentPostprocessing = 0;
		};
/* End PBXResourcesBuildPhase section */

/* Begin PBXSourcesBuildPhase section */
		FA2569EE1B24EED7006A7050 /* Sources */ = {
			isa = PBXSourcesBuildPhase;
			buildActionMask = 2147483647;
			files = (
				FA256A1C1B24FFA0006A7050 /* TextViewController.swift in Sources */,
				FA2569FA1B24EED7006A7050 /* PsychologistViewController.swift in Sources */,
				FA256A191B24F18A006A7050 /* HappinessViewController.swift in Sources */,
				FA256A1E1B2500F4006A7050 /* DiagnosedHappinessViewController.swift in Sources */,
				FA2569F81B24EED7006A7050 /* AppDelegate.swift in Sources */,
				FA256A1A1B24F18A006A7050 /* FaceView.swift in Sources */,
			);
			runOnlyForDeploymentPostprocessing = 0;
		};
		FA256A031B24EED7006A7050 /* Sources */ = {
			isa = PBXSourcesBuildPhase;
			buildActionMask = 2147483647;
			files = (
				FA256A0E1B24EED7006A7050 /* PsychologistTests.swift in Sources */,
			);
			runOnlyForDeploymentPostprocessing = 0;
		};
/* End PBXSourcesBuildPhase section */

/* Begin PBXTargetDependency section */
		FA256A091B24EED7006A7050 /* PBXTargetDependency */ = {
			isa = PBXTargetDependency;
			target = FA2569F11B24EED7006A7050 /* Psychologist */;
			targetProxy = FA256A081B24EED7006A7050 /* PBXContainerItemProxy */;
		};
/* End PBXTargetDependency section */

/* Begin PBXVariantGroup section */
		FA2569FB1B24EED7006A7050 /* Main.storyboard */ = {
			isa = PBXVariantGroup;
			children = (
				FA2569FC1B24EED7006A7050 /* Base */,
			);
			name = Main.storyboard;
			sourceTree = "<group>";
		};
		FA256A001B24EED7006A7050 /* LaunchScreen.xib */ = {
			isa = PBXVariantGroup;
			children = (
				FA256A011B24EED7006A7050 /* Base */,
			);
			name = LaunchScreen.xib;
			sourceTree = "<group>";
		};
/* End PBXVariantGroup section */

/* Begin XCBuildConfiguration section */
		FA256A0F1B24EED7006A7050 /* Debug */ = {
			isa = XCBuildConfiguration;
			buildSettings = {
				ALWAYS_SEARCH_USER_PATHS = NO;
				CLANG_CXX_LANGUAGE_STANDARD = "gnu++0x";
				CLANG_CXX_LIBRARY = "libc++";
				CLANG_ENABLE_MODULES = YES;
				CLANG_ENABLE_OBJC_ARC = YES;
				CLANG_WARN_BOOL_CONVERSION = YES;
				CLANG_WARN_CONSTANT_CONVERSION = YES;
				CLANG_WARN_DIRECT_OBJC_ISA_USAGE = YES_ERROR;
				CLANG_WARN_EMPTY_BODY = YES;
				CLANG_WARN_ENUM_CONVERSION = YES;
				CLANG_WARN_INT_CONVERSION = YES;
				CLANG_WARN_OBJC_ROOT_CLASS = YES_ERROR;
				CLANG_WARN_UNREACHABLE_CODE = YES;
				CLANG_WARN__DUPLICATE_METHOD_MATCH = YES;
				"CODE_SIGN_IDENTITY[sdk=iphoneos*]" = "iPhone Developer";
				COPY_PHASE_STRIP = NO;
				DEBUG_INFORMATION_FORMAT = "dwarf-with-dsym";
				ENABLE_STRICT_OBJC_MSGSEND = YES;
				GCC_C_LANGUAGE_STANDARD = gnu99;
				GCC_DYNAMIC_NO_PIC = NO;
				GCC_NO_COMMON_BLOCKS = YES;
				GCC_OPTIMIZATION_LEVEL = 0;
				GCC_PREPROCESSOR_DEFINITIONS = (
					"DEBUG=1",
					"$(inherited)",
				);
				GCC_SYMBOLS_PRIVATE_EXTERN = NO;
				GCC_WARN_64_TO_32_BIT_CONVERSION = YES;
				GCC_WARN_ABOUT_RETURN_TYPE = YES_ERROR;
				GCC_WARN_UNDECLARED_SELECTOR = YES;
				GCC_WARN_UNINITIALIZED_AUTOS = YES_AGGRESSIVE;
				GCC_WARN_UNUSED_FUNCTION = YES;
				GCC_WARN_UNUSED_VARIABLE = YES;
				IPHONEOS_DEPLOYMENT_TARGET = 8.3;
				MTL_ENABLE_DEBUG_INFO = YES;
				ONLY_ACTIVE_ARCH = YES;
				SDKROOT = iphoneos;
				SWIFT_OPTIMIZATION_LEVEL = "-Onone";
				TARGETED_DEVICE_FAMILY = "1,2";
			};
			name = Debug;
		};
		FA256A101B24EED7006A7050 /* Release */ = {
			isa = XCBuildConfiguration;
			buildSettings = {
				ALWAYS_SEARCH_USER_PATHS = NO;
				CLANG_CXX_LANGUAGE_STANDARD = "gnu++0x";
				CLANG_CXX_LIBRARY = "libc++";
				CLANG_ENABLE_MODULES = YES;
				CLANG_ENABLE_OBJC_ARC = YES;
				CLANG_WARN_BOOL_CONVERSION = YES;
				CLANG_WARN_CONSTANT_CONVERSION = YES;
				CLANG_WARN_DIRECT_OBJC_ISA_USAGE = YES_ERROR;
				CLANG_WARN_EMPTY_BODY = YES;
				CLANG_WARN_ENUM_CONVERSION = YES;
				CLANG_WARN_INT_CONVERSION = YES;
				CLANG_WARN_OBJC_ROOT_CLASS = YES_ERROR;
				CLANG_WARN_UNREACHABLE_CODE = YES;
				CLANG_WARN__DUPLICATE_METHOD_MATCH = YES;
				"CODE_SIGN_IDENTITY[sdk=iphoneos*]" = "iPhone Developer";
				COPY_PHASE_STRIP = NO;
				DEBUG_INFORMATION_FORMAT = "dwarf-with-dsym";
				ENABLE_NS_ASSERTIONS = NO;
				ENABLE_STRICT_OBJC_MSGSEND = YES;
				GCC_C_LANGUAGE_STANDARD = gnu99;
				GCC_NO_COMMON_BLOCKS = YES;
				GCC_WARN_64_TO_32_BIT_CONVERSION = YES;
				GCC_WARN_ABOUT_RETURN_TYPE = YES_ERROR;
				GCC_WARN_UNDECLARED_SELECTOR = YES;
				GCC_WARN_UNINITIALIZED_AUTOS = YES_AGGRESSIVE;
				GCC_WARN_UNUSED_FUNCTION = YES;
				GCC_WARN_UNUSED_VARIABLE = YES;
				IPHONEOS_DEPLOYMENT_TARGET = 8.3;
				MTL_ENABLE_DEBUG_INFO = NO;
				SDKROOT = iphoneos;
				TARGETED_DEVICE_FAMILY = "1,2";
				VALIDATE_PRODUCT = YES;
			};
			name = Release;
		};
		FA256A121B24EED7006A7050 /* Debug */ = {
			isa = XCBuildConfiguration;
			buildSettings = {
				ASSETCATALOG_COMPILER_APPICON_NAME = AppIcon;
				INFOPLIST_FILE = Psychologist/Info.plist;
				LD_RUNPATH_SEARCH_PATHS = "$(inherited) @executable_path/Frameworks";
				PRODUCT_NAME = "$(TARGET_NAME)";
			};
			name = Debug;
		};
		FA256A131B24EED7006A7050 /* Release */ = {
			isa = XCBuildConfiguration;
			buildSettings = {
				ASSETCATALOG_COMPILER_APPICON_NAME = AppIcon;
				INFOPLIST_FILE = Psychologist/Info.plist;
				LD_RUNPATH_SEARCH_PATHS = "$(inherited) @executable_path/Frameworks";
				PRODUCT_NAME = "$(TARGET_NAME)";
			};
			name = Release;
		};
		FA256A151B24EED7006A7050 /* Debug */ = {
			isa = XCBuildConfiguration;
			buildSettings = {
				BUNDLE_LOADER = "$(TEST_HOST)";
				FRAMEWORK_SEARCH_PATHS = (
					"$(SDKROOT)/Developer/Library/Frameworks",
					"$(inherited)",
				);
				GCC_PREPROCESSOR_DEFINITIONS = (
					"DEBUG=1",
					"$(inherited)",
				);
				INFOPLIST_FILE = PsychologistTests/Info.plist;
				LD_RUNPATH_SEARCH_PATHS = "$(inherited) @executable_path/Frameworks @loader_path/Frameworks";
				PRODUCT_NAME = "$(TARGET_NAME)";
				TEST_HOST = "$(BUILT_PRODUCTS_DIR)/Psychologist.app/Psychologist";
			};
			name = Debug;
		};
		FA256A161B24EED7006A7050 /* Release */ = {
			isa = XCBuildConfiguration;
			buildSettings = {
				BUNDLE_LOADER = "$(TEST_HOST)";
				FRAMEWORK_SEARCH_PATHS = (
					"$(SDKROOT)/Developer/Library/Frameworks",
					"$(inherited)",
				);
				INFOPLIST_FILE = PsychologistTests/Info.plist;
				LD_RUNPATH_SEARCH_PATHS = "$(inherited) @executable_path/Frameworks @loader_path/Frameworks";
				PRODUCT_NAME = "$(TARGET_NAME)";
				TEST_HOST = "$(BUILT_PRODUCTS_DIR)/Psychologist.app/Psychologist";
			};
			name = Release;
		};
/* End XCBuildConfiguration section */

/* Begin XCConfigurationList section */
		FA2569ED1B24EED7006A7050 /* Build configuration list for PBXProject "Psychologist" */ = {
			isa = XCConfigurationList;
			buildConfigurations = (
				FA256A0F1B24EED7006A7050 /* Debug */,
				FA256A101B24EED7006A7050 /* Release */,
			);
			defaultConfigurationIsVisible = 0;
			defaultConfigurationName = Release;
		};
		FA256A111B24EED7006A7050 /* Build configuration list for PBXNativeTarget "Psychologist" */ = {
			isa = XCConfigurationList;
			buildConfigurations = (
				FA256A121B24EED7006A7050 /* Debug */,
				FA256A131B24EED7006A7050 /* Release */,
			);
			defaultConfigurationIsVisible = 0;
		};
		FA256A141B24EED7006A7050 /* Build configuration list for PBXNativeTarget "PsychologistTests" */ = {
			isa = XCConfigurationList;
			buildConfigurations = (
				FA256A151B24EED7006A7050 /* Debug */,
				FA256A161B24EED7006A7050 /* Release */,
			);
			defaultConfigurationIsVisible = 0;
		};
/* End XCConfigurationList section */
	};
	rootObject = FA2569EA1B24EED7006A7050 /* Project object */;
}
