// !$*UTF8*$!
{
	archiveVersion = 1;
	classes = {
	};
	objectVersion = 46;
	objects = {

/* Begin PBXBuildFile section */
		FA9568BE1AF29F400048F043 /* AppDelegate.swift in Sources */ = {isa = PBXBuildFile; fileRef = FA9568BD1AF29F400048F043 /* AppDelegate.swift */; };
		FA9568C31AF29F400048F043 /* Main.storyboard in Resources */ = {isa = PBXBuildFile; fileRef = FA9568C11AF29F400048F043 /* Main.storyboard */; };
		FA9568C51AF29F400048F043 /* Images.xcassets in Resources */ = {isa = PBXBuildFile; fileRef = FA9568C41AF29F400048F043 /* Images.xcassets */; };
		FA9568C81AF29F400048F043 /* LaunchScreen.xib in Resources */ = {isa = PBXBuildFile; fileRef = FA9568C61AF29F400048F043 /* LaunchScreen.xib */; };
		FA9568D41AF29F400048F043 /* HappinessTests.swift in Sources */ = {isa = PBXBuildFile; fileRef = FA9568D31AF29F400048F043 /* HappinessTests.swift */; };
		FA9568DE1AF29FCE0048F043 /* HappinessViewController.swift in Sources */ = {isa = PBXBuildFile; fileRef = FA9568DD1AF29FCE0048F043 /* HappinessViewController.swift */; };
		FA9568E01AF2A09E0048F043 /* FaceView.swift in Sources */ = {isa = PBXBuildFile; fileRef = FA9568DF1AF2A09E0048F043 /* FaceView.swift */; };
/* End PBXBuildFile section */

/* Begin PBXContainerItemProxy section */
		FA9568CE1AF29F400048F043 /* PBXContainerItemProxy */ = {
			isa = PBXContainerItemProxy;
			containerPortal = FA9568B01AF29F400048F043 /* Project object */;
			proxyType = 1;
			remoteGlobalIDString = FA9568B71AF29F400048F043;
			remoteInfo = Happiness;
		};
/* End PBXContainerItemProxy section */

/* Begin PBXFileReference section */
		FA9568B81AF29F400048F043 /* Happiness.app */ = {isa = PBXFileReference; explicitFileType = wrapper.application; includeInIndex = 0; path = Happiness.app; sourceTree = BUILT_PRODUCTS_DIR; };
		FA9568BC1AF29F400048F043 /* Info.plist */ = {isa = PBXFileReference; lastKnownFileType = text.plist.xml; path = Info.plist; sourceTree = "<group>"; };
		FA9568BD1AF29F400048F043 /* AppDelegate.swift */ = {isa = PBXFileReference; lastKnownFileType = sourcecode.swift; path = AppDelegate.swift; sourceTree = "<group>"; };
		FA9568C21AF29F400048F043 /* Base */ = {isa = PBXFileReference; lastKnownFileType = file.storyboard; name = Base; path = Base.lproj/Main.storyboard; sourceTree = "<group>"; };
		FA9568C41AF29F400048F043 /* Images.xcassets */ = {isa = PBXFileReference; lastKnownFileType = folder.assetcatalog; path = Images.xcassets; sourceTree = "<group>"; };
		FA9568C71AF29F400048F043 /* Base */ = {isa = PBXFileReference; lastKnownFileType = file.xib; name = Base; path = Base.lproj/LaunchScreen.xib; sourceTree = "<group>"; };
		FA9568CD1AF29F400048F043 /* HappinessTests.xctest */ = {isa = PBXFileReference; explicitFileType = wrapper.cfbundle; includeInIndex = 0; path = HappinessTests.xctest; sourceTree = BUILT_PRODUCTS_DIR; };
		FA9568D21AF29F400048F043 /* Info.plist */ = {isa = PBXFileReference; lastKnownFileType = text.plist.xml; path = Info.plist; sourceTree = "<group>"; };
		FA9568D31AF29F400048F043 /* HappinessTests.swift */ = {isa = PBXFileReference; lastKnownFileType = sourcecode.swift; path = HappinessTests.swift; sourceTree = "<group>"; };
		FA9568DD1AF29FCE0048F043 /* HappinessViewController.swift */ = {isa = PBXFileReference; fileEncoding = 4; lastKnownFileType = sourcecode.swift; path = HappinessViewController.swift; sourceTree = "<group>"; };
		FA9568DF1AF2A09E0048F043 /* FaceView.swift */ = {isa = PBXFileReference; fileEncoding = 4; lastKnownFileType = sourcecode.swift; path = FaceView.swift; sourceTree = "<group>"; };
/* End PBXFileReference section */

/* Begin PBXFrameworksBuildPhase section */
		FA9568B51AF29F400048F043 /* Frameworks */ = {
			isa = PBXFrameworksBuildPhase;
			buildActionMask = 2147483647;
			files = (
			);
			runOnlyForDeploymentPostprocessing = 0;
		};
		FA9568CA1AF29F400048F043 /* Frameworks */ = {
			isa = PBXFrameworksBuildPhase;
			buildActionMask = 2147483647;
			files = (
			);
			runOnlyForDeploymentPostprocessing = 0;
		};
/* End PBXFrameworksBuildPhase section */

/* Begin PBXGroup section */
		FA9568AF1AF29F400048F043 = {
			isa = PBXGroup;
			children = (
				FA9568BA1AF29F400048F043 /* Happiness */,
				FA9568D01AF29F400048F043 /* HappinessTests */,
				FA9568B91AF29F400048F043 /* Products */,
			);
			sourceTree = "<group>";
		};
		FA9568B91AF29F400048F043 /* Products */ = {
			isa = PBXGroup;
			children = (
				FA9568B81AF29F400048F043 /* Happiness.app */,
				FA9568CD1AF29F400048F043 /* HappinessTests.xctest */,
			);
			name = Products;
			sourceTree = "<group>";
		};
		FA9568BA1AF29F400048F043 /* Happiness */ = {
			isa = PBXGroup;
			children = (
				FA9568DD1AF29FCE0048F043 /* HappinessViewController.swift */,
				FA9568C11AF29F400048F043 /* Main.storyboard */,
				FA9568DF1AF2A09E0048F043 /* FaceView.swift */,
				FA9568BB1AF29F400048F043 /* Supporting Files */,
			);
			path = Happiness;
			sourceTree = "<group>";
		};
		FA9568BB1AF29F400048F043 /* Supporting Files */ = {
			isa = PBXGroup;
			children = (
				FA9568C61AF29F400048F043 /* LaunchScreen.xib */,
				FA9568C41AF29F400048F043 /* Images.xcassets */,
				FA9568BD1AF29F400048F043 /* AppDelegate.swift */,
				FA9568BC1AF29F400048F043 /* Info.plist */,
			);
			name = "Supporting Files";
			sourceTree = "<group>";
		};
		FA9568D01AF29F400048F043 /* HappinessTests */ = {
			isa = PBXGroup;
			children = (
				FA9568D31AF29F400048F043 /* HappinessTests.swift */,
				FA9568D11AF29F400048F043 /* Supporting Files */,
			);
			path = HappinessTests;
			sourceTree = "<group>";
		};
		FA9568D11AF29F400048F043 /* Supporting Files */ = {
			isa = PBXGroup;
			children = (
				FA9568D21AF29F400048F043 /* Info.plist */,
			);
			name = "Supporting Files";
			sourceTree = "<group>";
		};
/* End PBXGroup section */

/* Begin PBXNativeTarget section */
		FA9568B71AF29F400048F043 /* Happiness */ = {
			isa = PBXNativeTarget;
			buildConfigurationList = FA9568D71AF29F400048F043 /* Build configuration list for PBXNativeTarget "Happiness" */;
			buildPhases = (
				FA9568B41AF29F400048F043 /* Sources */,
				FA9568B51AF29F400048F043 /* Frameworks */,
				FA9568B61AF29F400048F043 /* Resources */,
			);
			buildRules = (
			);
			dependencies = (
			);
			name = Happiness;
			productName = Happiness;
			productReference = FA9568B81AF29F400048F043 /* Happiness.app */;
			productType = "com.apple.product-type.application";
		};
		FA9568CC1AF29F400048F043 /* HappinessTests */ = {
			isa = PBXNativeTarget;
			buildConfigurationList = FA9568DA1AF29F400048F043 /* Build configuration list for PBXNativeTarget "HappinessTests" */;
			buildPhases = (
				FA9568C91AF29F400048F043 /* Sources */,
				FA9568CA1AF29F400048F043 /* Frameworks */,
				FA9568CB1AF29F400048F043 /* Resources */,
			);
			buildRules = (
			);
			dependencies = (
				FA9568CF1AF29F400048F043 /* PBXTargetDependency */,
			);
			name = HappinessTests;
			productName = HappinessTests;
			productReference = FA9568CD1AF29F400048F043 /* HappinessTests.xctest */;
			productType = "com.apple.product-type.bundle.unit-test";
		};
/* End PBXNativeTarget section */

/* Begin PBXProject section */
		FA9568B01AF29F400048F043 /* Project object */ = {
			isa = PBXProject;
			attributes = {
				LastUpgradeCheck = 0630;
				ORGANIZATIONNAME = "Alex Beltyukov";
				TargetAttributes = {
					FA9568B71AF29F400048F043 = {
						CreatedOnToolsVersion = 6.3;
					};
					FA9568CC1AF29F400048F043 = {
						CreatedOnToolsVersion = 6.3;
						TestTargetID = FA9568B71AF29F400048F043;
					};
				};
			};
			buildConfigurationList = FA9568B31AF29F400048F043 /* Build configuration list for PBXProject "Happiness" */;
			compatibilityVersion = "Xcode 3.2";
			developmentRegion = English;
			hasScannedForEncodings = 0;
			knownRegions = (
				en,
				Base,
			);
			mainGroup = FA9568AF1AF29F400048F043;
			productRefGroup = FA9568B91AF29F400048F043 /* Products */;
			projectDirPath = "";
			projectRoot = "";
			targets = (
				FA9568B71AF29F400048F043 /* Happiness */,
				FA9568CC1AF29F400048F043 /* HappinessTests */,
			);
		};
/* End PBXProject section */

/* Begin PBXResourcesBuildPhase section */
		FA9568B61AF29F400048F043 /* Resources */ = {
			isa = PBXResourcesBuildPhase;
			buildActionMask = 2147483647;
			files = (
				FA9568C31AF29F400048F043 /* Main.storyboard in Resources */,
				FA9568C81AF29F400048F043 /* LaunchScreen.xib in Resources */,
				FA9568C51AF29F400048F043 /* Images.xcassets in Resources */,
			);
			runOnlyForDeploymentPostprocessing = 0;
		};
		FA9568CB1AF29F400048F043 /* Resources */ = {
			isa = PBXResourcesBuildPhase;
			buildActionMask = 2147483647;
			files = (
			);
			runOnlyForDeploymentPostprocessing = 0;
		};
/* End PBXResourcesBuildPhase section */

/* Begin PBXSourcesBuildPhase section */
		FA9568B41AF29F400048F043 /* Sources */ = {
			isa = PBXSourcesBuildPhase;
			buildActionMask = 2147483647;
			files = (
				FA9568DE1AF29FCE0048F043 /* HappinessViewController.swift in Sources */,
				FA9568BE1AF29F400048F043 /* AppDelegate.swift in Sources */,
				FA9568E01AF2A09E0048F043 /* FaceView.swift in Sources */,
			);
			runOnlyForDeploymentPostprocessing = 0;
		};
		FA9568C91AF29F400048F043 /* Sources */ = {
			isa = PBXSourcesBuildPhase;
			buildActionMask = 2147483647;
			files = (
				FA9568D41AF29F400048F043 /* HappinessTests.swift in Sources */,
			);
			runOnlyForDeploymentPostprocessing = 0;
		};
/* End PBXSourcesBuildPhase section */

/* Begin PBXTargetDependency section */
		FA9568CF1AF29F400048F043 /* PBXTargetDependency */ = {
			isa = PBXTargetDependency;
			target = FA9568B71AF29F400048F043 /* Happiness */;
			targetProxy = FA9568CE1AF29F400048F043 /* PBXContainerItemProxy */;
		};
/* End PBXTargetDependency section */

/* Begin PBXVariantGroup section */
		FA9568C11AF29F400048F043 /* Main.storyboard */ = {
			isa = PBXVariantGroup;
			children = (
				FA9568C21AF29F400048F043 /* Base */,
			);
			name = Main.storyboard;
			sourceTree = "<group>";
		};
		FA9568C61AF29F400048F043 /* LaunchScreen.xib */ = {
			isa = PBXVariantGroup;
			children = (
				FA9568C71AF29F400048F043 /* Base */,
			);
			name = LaunchScreen.xib;
			sourceTree = "<group>";
		};
/* End PBXVariantGroup section */

/* Begin XCBuildConfiguration section */
		FA9568D51AF29F400048F043 /* Debug */ = {
			isa = XCBuildConfiguration;
			buildSettings = {
				ALWAYS_SEARCH_USER_PATHS = NO;
				CLANG_CXX_LANGUAGE_STANDARD = "gnu++0x";
				CLANG_CXX_LIBRARY = "libc++";
				CLANG_ENABLE_MODULES = YES;
				CLANG_ENABLE_OBJC_ARC = YES;
				CLANG_WARN_BOOL_CONVERSION = YES;
				CLANG_WARN_CONSTANT_CONVERSION = YES;
				CLANG_WARN_DIRECT_OBJC_ISA_USAGE = YES_ERROR;
				CLANG_WARN_EMPTY_BODY = YES;
				CLANG_WARN_ENUM_CONVERSION = YES;
				CLANG_WARN_INT_CONVERSION = YES;
				CLANG_WARN_OBJC_ROOT_CLASS = YES_ERROR;
				CLANG_WARN_UNREACHABLE_CODE = YES;
				CLANG_WARN__DUPLICATE_METHOD_MATCH = YES;
				"CODE_SIGN_IDENTITY[sdk=iphoneos*]" = "iPhone Developer";
				COPY_PHASE_STRIP = NO;
				DEBUG_INFORMATION_FORMAT = "dwarf-with-dsym";
				ENABLE_STRICT_OBJC_MSGSEND = YES;
				GCC_C_LANGUAGE_STANDARD = gnu99;
				GCC_DYNAMIC_NO_PIC = NO;
				GCC_NO_COMMON_BLOCKS = YES;
				GCC_OPTIMIZATION_LEVEL = 0;
				GCC_PREPROCESSOR_DEFINITIONS = (
					"DEBUG=1",
					"$(inherited)",
				);
				GCC_SYMBOLS_PRIVATE_EXTERN = NO;
				GCC_WARN_64_TO_32_BIT_CONVERSION = YES;
				GCC_WARN_ABOUT_RETURN_TYPE = YES_ERROR;
				GCC_WARN_UNDECLARED_SELECTOR = YES;
				GCC_WARN_UNINITIALIZED_AUTOS = YES_AGGRESSIVE;
				GCC_WARN_UNUSED_FUNCTION = YES;
				GCC_WARN_UNUSED_VARIABLE = YES;
				IPHONEOS_DEPLOYMENT_TARGET = 8.3;
				MTL_ENABLE_DEBUG_INFO = YES;
				ONLY_ACTIVE_ARCH = YES;
				SDKROOT = iphoneos;
				SWIFT_OPTIMIZATION_LEVEL = "-Onone";
				TARGETED_DEVICE_FAMILY = "1,2";
			};
			name = Debug;
		};
		FA9568D61AF29F400048F043 /* Release */ = {
			isa = XCBuildConfiguration;
			buildSettings = {
				ALWAYS_SEARCH_USER_PATHS = NO;
				CLANG_CXX_LANGUAGE_STANDARD = "gnu++0x";
				CLANG_CXX_LIBRARY = "libc++";
				CLANG_ENABLE_MODULES = YES;
				CLANG_ENABLE_OBJC_ARC = YES;
				CLANG_WARN_BOOL_CONVERSION = YES;
				CLANG_WARN_CONSTANT_CONVERSION = YES;
				CLANG_WARN_DIRECT_OBJC_ISA_USAGE = YES_ERROR;
				CLANG_WARN_EMPTY_BODY = YES;
				CLANG_WARN_ENUM_CONVERSION = YES;
				CLANG_WARN_INT_CONVERSION = YES;
				CLANG_WARN_OBJC_ROOT_CLASS = YES_ERROR;
				CLANG_WARN_UNREACHABLE_CODE = YES;
				CLANG_WARN__DUPLICATE_METHOD_MATCH = YES;
				"CODE_SIGN_IDENTITY[sdk=iphoneos*]" = "iPhone Developer";
				COPY_PHASE_STRIP = NO;
				DEBUG_INFORMATION_FORMAT = "dwarf-with-dsym";
				ENABLE_NS_ASSERTIONS = NO;
				ENABLE_STRICT_OBJC_MSGSEND = YES;
				GCC_C_LANGUAGE_STANDARD = gnu99;
				GCC_NO_COMMON_BLOCKS = YES;
				GCC_WARN_64_TO_32_BIT_CONVERSION = YES;
				GCC_WARN_ABOUT_RETURN_TYPE = YES_ERROR;
				GCC_WARN_UNDECLARED_SELECTOR = YES;
				GCC_WARN_UNINITIALIZED_AUTOS = YES_AGGRESSIVE;
				GCC_WARN_UNUSED_FUNCTION = YES;
				GCC_WARN_UNUSED_VARIABLE = YES;
				IPHONEOS_DEPLOYMENT_TARGET = 8.3;
				MTL_ENABLE_DEBUG_INFO = NO;
				SDKROOT = iphoneos;
				TARGETED_DEVICE_FAMILY = "1,2";
				VALIDATE_PRODUCT = YES;
			};
			name = Release;
		};
		FA9568D81AF29F400048F043 /* Debug */ = {
			isa = XCBuildConfiguration;
			buildSettings = {
				ASSETCATALOG_COMPILER_APPICON_NAME = AppIcon;
				INFOPLIST_FILE = Happiness/Info.plist;
				LD_RUNPATH_SEARCH_PATHS = "$(inherited) @executable_path/Frameworks";
				PRODUCT_NAME = "$(TARGET_NAME)";
			};
			name = Debug;
		};
		FA9568D91AF29F400048F043 /* Release */ = {
			isa = XCBuildConfiguration;
			buildSettings = {
				ASSETCATALOG_COMPILER_APPICON_NAME = AppIcon;
				INFOPLIST_FILE = Happiness/Info.plist;
				LD_RUNPATH_SEARCH_PATHS = "$(inherited) @executable_path/Frameworks";
				PRODUCT_NAME = "$(TARGET_NAME)";
			};
			name = Release;
		};
		FA9568DB1AF29F400048F043 /* Debug */ = {
			isa = XCBuildConfiguration;
			buildSettings = {
				BUNDLE_LOADER = "$(TEST_HOST)";
				FRAMEWORK_SEARCH_PATHS = (
					"$(SDKROOT)/Developer/Library/Frameworks",
					"$(inherited)",
				);
				GCC_PREPROCESSOR_DEFINITIONS = (
					"DEBUG=1",
					"$(inherited)",
				);
				INFOPLIST_FILE = HappinessTests/Info.plist;
				LD_RUNPATH_SEARCH_PATHS = "$(inherited) @executable_path/Frameworks @loader_path/Frameworks";
				PRODUCT_NAME = "$(TARGET_NAME)";
				TEST_HOST = "$(BUILT_PRODUCTS_DIR)/Happiness.app/Happiness";
			};
			name = Debug;
		};
		FA9568DC1AF29F400048F043 /* Release */ = {
			isa = XCBuildConfiguration;
			buildSettings = {
				BUNDLE_LOADER = "$(TEST_HOST)";
				FRAMEWORK_SEARCH_PATHS = (
					"$(SDKROOT)/Developer/Library/Frameworks",
					"$(inherited)",
				);
				INFOPLIST_FILE = HappinessTests/Info.plist;
				LD_RUNPATH_SEARCH_PATHS = "$(inherited) @executable_path/Frameworks @loader_path/Frameworks";
				PRODUCT_NAME = "$(TARGET_NAME)";
				TEST_HOST = "$(BUILT_PRODUCTS_DIR)/Happiness.app/Happiness";
			};
			name = Release;
		};
/* End XCBuildConfiguration section */

/* Begin XCConfigurationList section */
		FA9568B31AF29F400048F043 /* Build configuration list for PBXProject "Happiness" */ = {
			isa = XCConfigurationList;
			buildConfigurations = (
				FA9568D51AF29F400048F043 /* Debug */,
				FA9568D61AF29F400048F043 /* Release */,
			);
			defaultConfigurationIsVisible = 0;
			defaultConfigurationName = Release;
		};
		FA9568D71AF29F400048F043 /* Build configuration list for PBXNativeTarget "Happiness" */ = {
			isa = XCConfigurationList;
			buildConfigurations = (
				FA9568D81AF29F400048F043 /* Debug */,
				FA9568D91AF29F400048F043 /* Release */,
			);
			defaultConfigurationIsVisible = 0;
		};
		FA9568DA1AF29F400048F043 /* Build configuration list for PBXNativeTarget "HappinessTests" */ = {
			isa = XCConfigurationList;
			buildConfigurations = (
				FA9568DB1AF29F400048F043 /* Debug */,
				FA9568DC1AF29F400048F043 /* Release */,
			);
			defaultConfigurationIsVisible = 0;
		};
/* End XCConfigurationList section */
	};
	rootObject = FA9568B01AF29F400048F043 /* Project object */;
}
